
Microsoft Visual Studio Solution File, Format Version 12.00
# Visual Studio Version 17
VisualStudioVersion = 17.11.35312.102
MinimumVisualStudioVersion = 10.0.40219.1
Project("{2150E333-8FDC-42A3-9474-1A3956D46DE8}") = "Task0", "Task0", "{A9971139-3A50-4F86-8000-06682EAC36DD}"
EndProject
Project("{FAE04EC0-301F-11D3-BF4B-00C04F79EFBC}") = "Tyuiu.ZhuriloNA.Sprint1.Task0.V28", "Tyuiu.ZhuriloNA.Sprint1.Task0.V28\Tyuiu.ZhuriloNA.Sprint1.Task0.V28.csproj", "{70C101EF-ED35-4252-B310-842F04977EAC}"
EndProject
Project("{FAE04EC0-301F-11D3-BF4B-00C04F79EFBC}") = "Tyuiu.ZhuriloNA.Sprint1.Task0.V28.Lib", "Tyuiu.ZhuriloNA.Sprint1.Task0.V28.Lib\Tyuiu.ZhuriloNA.Sprint1.Task0.V28.Lib.csproj", "{2CCD4840-D16D-4F25-86D2-B65E142C249E}"
EndProject
Project("{FAE04EC0-301F-11D3-BF4B-00C04F79EFBC}") = "Tyuiu.ZhuriloNA.Sprint1.Task0.V28.Test", "Tyuiu.ZhuriloNA.Sprint1.Task0.V28.Test\Tyuiu.ZhuriloNA.Sprint1.Task0.V28.Test.csproj", "{89E39355-BB8D-4680-9CF2-02C33F003B5B}"
EndProject
Project("{2150E333-8FDC-42A3-9474-1A3956D46DE8}") = "Task1", "Task1", "{CCCD0488-175B-41F0-9209-75C8B2047325}"
EndProject
Project("{FAE04EC0-301F-11D3-BF4B-00C04F79EFBC}") = "Tyuiu.ZhuriloNA.Sprint1.Task1.V28", "Tyuiu.ZhuriloNA.Sprint1.Task1.V28\Tyuiu.ZhuriloNA.Sprint1.Task1.V28.csproj", "{CB6C36FC-1C93-46D4-9FF2-5A73419F8504}"
EndProject
Project("{FAE04EC0-301F-11D3-BF4B-00C04F79EFBC}") = "Tyuiu.ZhuriloNA.Sprint1.Task1.V28.Lib", "Tyuiu.ZhuriloNA.Sprint1.Task1.V28.Lib\Tyuiu.ZhuriloNA.Sprint1.Task1.V28.Lib.csproj", "{41847F44-3C4A-475D-8931-9F71EADE22F2}"
EndProject
Project("{FAE04EC0-301F-11D3-BF4B-00C04F79EFBC}") = "Tyuiu.ZhuriloNA.Sprint1.Task1.V28.Test", "Tyuiu.ZhuriloNA.Sprint1.Task1.V28.Test\Tyuiu.ZhuriloNA.Sprint1.Task1.V28.Test.csproj", "{4EEF30F3-8E70-4666-8A39-B188EA40739D}"
EndProject
Project("{2150E333-8FDC-42A3-9474-1A3956D46DE8}") = "Task2", "Task2", "{DC51BBD8-B9C8-4A13-B479-F7BB1657E71B}"
EndProject
Project("{FAE04EC0-301F-11D3-BF4B-00C04F79EFBC}") = "Tyuiu.ZhuriloNA.Sprint1.Task2.V4", "Tyuiu.ZhuriloNA.Sprint1.Task2.V4\Tyuiu.ZhuriloNA.Sprint1.Task2.V4.csproj", "{45613169-D211-4101-8F5A-E200006D901D}"
EndProject
Project("{FAE04EC0-301F-11D3-BF4B-00C04F79EFBC}") = "Tyuiu.ZhuriloNA.Sprint1.Task2.V4.Lib", "Tyuiu.ZhuriloNA.Sprint1.Task2.V4.Lib\Tyuiu.ZhuriloNA.Sprint1.Task2.V4.Lib.csproj", "{89CB009D-2729-4B94-B9C3-AEE3737B0083}"
EndProject
Project("{FAE04EC0-301F-11D3-BF4B-00C04F79EFBC}") = "Tyuiu.ZhuriloNA.Sprint1.Task2.V4.Test", "Tyuiu.ZhuriloNA.Sprint1.Task2.V4.Test\Tyuiu.ZhuriloNA.Sprint1.Task2.V4.Test.csproj", "{A9C30284-B0F2-4683-8F6B-6177159413B7}"
EndProject
Project("{2150E333-8FDC-42A3-9474-1A3956D46DE8}") = "Task3", "Task3", "{68142941-0BB5-4840-85F9-9F1289EC199B}"
EndProject
Project("{FAE04EC0-301F-11D3-BF4B-00C04F79EFBC}") = "Tyuiu.ZhuriloNA.Sprint1.Task3.V8", "Tyuiu.ZhuriloNA.Sprint1.Task3.V8\Tyuiu.ZhuriloNA.Sprint1.Task3.V8.csproj", "{FB63062A-93ED-452B-9985-1B6B10C94637}"
EndProject
Project("{FAE04EC0-301F-11D3-BF4B-00C04F79EFBC}") = "Tyuiu.ZhuriloNA.Sprint1.Task3.V8.Lib", "Tyuiu.ZhuriloNA.Sprint1.Task3.V8.Lib\Tyuiu.ZhuriloNA.Sprint1.Task3.V8.Lib.csproj", "{7E2570D9-1505-4B93-A61F-19C5CD9F6107}"
EndProject
Project("{FAE04EC0-301F-11D3-BF4B-00C04F79EFBC}") = "Tyuiu.ZhuriloNA.Sprint1.Task3.V8.Test", "Tyuiu.ZhuriloNA.Sprint1.Task3.V8.Test\Tyuiu.ZhuriloNA.Sprint1.Task3.V8.Test.csproj", "{E92184BA-3DAA-45C7-B367-B78FDC2AAF67}"
EndProject
Project("{2150E333-8FDC-42A3-9474-1A3956D46DE8}") = "Task4", "Task4", "{54B2E485-065F-402E-BFF0-E99AFC045D2D}"
EndProject
Project("{FAE04EC0-301F-11D3-BF4B-00C04F79EFBC}") = "Tyuiu.ZhuriloNA.Sprint1.Task4.V27", "Tyuiu.ZhuriloNA.Sprint1.Task4.V27\Tyuiu.ZhuriloNA.Sprint1.Task4.V27.csproj", "{470FA8D7-1603-43CF-A43B-D931AF534071}"
EndProject
Project("{FAE04EC0-301F-11D3-BF4B-00C04F79EFBC}") = "Tyuiu.ZhuriloNA.Sprint1.Task4.V27.Lib", "Tyuiu.ZhuriloNA.Sprint1.Task4.V27.Lib\Tyuiu.ZhuriloNA.Sprint1.Task4.V27.Lib.csproj", "{53A9BC5B-BD10-47D2-B8C4-DA603353B0EC}"
EndProject
Project("{FAE04EC0-301F-11D3-BF4B-00C04F79EFBC}") = "Tyuiu.ZhuriloNA.Sprint1.Task4.V27.Test", "Tyuiu.ZhuriloNA.Sprint1.Task4.V27.Test\Tyuiu.ZhuriloNA.Sprint1.Task4.V27.Test.csproj", "{641414E0-1931-4383-A141-22731E35E439}"
EndProject
Project("{2150E333-8FDC-42A3-9474-1A3956D46DE8}") = "Task5", "Task5", "{5329EF20-BED2-4F4C-9F21-9262050B22EF}"
EndProject
Project("{FAE04EC0-301F-11D3-BF4B-00C04F79EFBC}") = "Tyuiu.ZhuriloNA.Sprint1.Task5.V7", "Tyuiu.ZhuriloNA.Sprint1.Task5.V7\Tyuiu.ZhuriloNA.Sprint1.Task5.V7.csproj", "{C2524989-BC8E-443B-9C17-C91CAB20F6E4}"
EndProject
Project("{FAE04EC0-301F-11D3-BF4B-00C04F79EFBC}") = "Tyuiu.ZhuriloNA.Sprint1.Task5.V7.Lib", "Tyuiu.ZhuriloNA.Sprint1.Task5.V7.Lib\Tyuiu.ZhuriloNA.Sprint1.Task5.V7.Lib.csproj", "{456AF1F6-2CE8-46AA-B638-AEF1CD438796}"
EndProject
Project("{FAE04EC0-301F-11D3-BF4B-00C04F79EFBC}") = "Tyuiu.ZhuriloNA.Sprint1.Task5.V7.Test", "Tyuiu.ZhuriloNA.Sprint1.Task5.V7.Test\Tyuiu.ZhuriloNA.Sprint1.Task5.V7.Test.csproj", "{8AE6D8F6-A0EF-4064-B9A1-78307264ABFF}"
EndProject
Global
	GlobalSection(SolutionConfigurationPlatforms) = preSolution
		Debug|Any CPU = Debug|Any CPU
		Release|Any CPU = Release|Any CPU
	EndGlobalSection
	GlobalSection(ProjectConfigurationPlatforms) = postSolution
		{70C101EF-ED35-4252-B310-842F04977EAC}.Debug|Any CPU.ActiveCfg = Debug|Any CPU
		{70C101EF-ED35-4252-B310-842F04977EAC}.Debug|Any CPU.Build.0 = Debug|Any CPU
		{70C101EF-ED35-4252-B310-842F04977EAC}.Release|Any CPU.ActiveCfg = Release|Any CPU
		{70C101EF-ED35-4252-B310-842F04977EAC}.Release|Any CPU.Build.0 = Release|Any CPU
		{2CCD4840-D16D-4F25-86D2-B65E142C249E}.Debug|Any CPU.ActiveCfg = Debug|Any CPU
		{2CCD4840-D16D-4F25-86D2-B65E142C249E}.Debug|Any CPU.Build.0 = Debug|Any CPU
		{2CCD4840-D16D-4F25-86D2-B65E142C249E}.Release|Any CPU.ActiveCfg = Release|Any CPU
		{2CCD4840-D16D-4F25-86D2-B65E142C249E}.Release|Any CPU.Build.0 = Release|Any CPU
		{89E39355-BB8D-4680-9CF2-02C33F003B5B}.Debug|Any CPU.ActiveCfg = Debug|Any CPU
		{89E39355-BB8D-4680-9CF2-02C33F003B5B}.Debug|Any CPU.Build.0 = Debug|Any CPU
		{89E39355-BB8D-4680-9CF2-02C33F003B5B}.Release|Any CPU.ActiveCfg = Release|Any CPU
		{89E39355-BB8D-4680-9CF2-02C33F003B5B}.Release|Any CPU.Build.0 = Release|Any CPU
		{CB6C36FC-1C93-46D4-9FF2-5A73419F8504}.Debug|Any CPU.ActiveCfg = Debug|Any CPU
		{CB6C36FC-1C93-46D4-9FF2-5A73419F8504}.Debug|Any CPU.Build.0 = Debug|Any CPU
		{CB6C36FC-1C93-46D4-9FF2-5A73419F8504}.Release|Any CPU.ActiveCfg = Release|Any CPU
		{CB6C36FC-1C93-46D4-9FF2-5A73419F8504}.Release|Any CPU.Build.0 = Release|Any CPU
		{41847F44-3C4A-475D-8931-9F71EADE22F2}.Debug|Any CPU.ActiveCfg = Debug|Any CPU
		{41847F44-3C4A-475D-8931-9F71EADE22F2}.Debug|Any CPU.Build.0 = Debug|Any CPU
		{41847F44-3C4A-475D-8931-9F71EADE22F2}.Release|Any CPU.ActiveCfg = Release|Any CPU
		{41847F44-3C4A-475D-8931-9F71EADE22F2}.Release|Any CPU.Build.0 = Release|Any CPU
		{4EEF30F3-8E70-4666-8A39-B188EA40739D}.Debug|Any CPU.ActiveCfg = Debug|Any CPU
		{4EEF30F3-8E70-4666-8A39-B188EA40739D}.Debug|Any CPU.Build.0 = Debug|Any CPU
		{4EEF30F3-8E70-4666-8A39-B188EA40739D}.Release|Any CPU.ActiveCfg = Release|Any CPU
		{4EEF30F3-8E70-4666-8A39-B188EA40739D}.Release|Any CPU.Build.0 = Release|Any CPU
		{45613169-D211-4101-8F5A-E200006D901D}.Debug|Any CPU.ActiveCfg = Debug|Any CPU
		{45613169-D211-4101-8F5A-E200006D901D}.Debug|Any CPU.Build.0 = Debug|Any CPU
		{45613169-D211-4101-8F5A-E200006D901D}.Release|Any CPU.ActiveCfg = Release|Any CPU
		{45613169-D211-4101-8F5A-E200006D901D}.Release|Any CPU.Build.0 = Release|Any CPU
		{89CB009D-2729-4B94-B9C3-AEE3737B0083}.Debug|Any CPU.ActiveCfg = Debug|Any CPU
		{89CB009D-2729-4B94-B9C3-AEE3737B0083}.Debug|Any CPU.Build.0 = Debug|Any CPU
		{89CB009D-2729-4B94-B9C3-AEE3737B0083}.Release|Any CPU.ActiveCfg = Release|Any CPU
		{89CB009D-2729-4B94-B9C3-AEE3737B0083}.Release|Any CPU.Build.0 = Release|Any CPU
		{A9C30284-B0F2-4683-8F6B-6177159413B7}.Debug|Any CPU.ActiveCfg = Debug|Any CPU
		{A9C30284-B0F2-4683-8F6B-6177159413B7}.Debug|Any CPU.Build.0 = Debug|Any CPU
		{A9C30284-B0F2-4683-8F6B-6177159413B7}.Release|Any CPU.ActiveCfg = Release|Any CPU
		{A9C30284-B0F2-4683-8F6B-6177159413B7}.Release|Any CPU.Build.0 = Release|Any CPU
		{FB63062A-93ED-452B-9985-1B6B10C94637}.Debug|Any CPU.ActiveCfg = Debug|Any CPU
		{FB63062A-93ED-452B-9985-1B6B10C94637}.Debug|Any CPU.Build.0 = Debug|Any CPU
		{FB63062A-93ED-452B-9985-1B6B10C94637}.Release|Any CPU.ActiveCfg = Release|Any CPU
		{FB63062A-93ED-452B-9985-1B6B10C94637}.Release|Any CPU.Build.0 = Release|Any CPU
		{7E2570D9-1505-4B93-A61F-19C5CD9F6107}.Debug|Any CPU.ActiveCfg = Debug|Any CPU
		{7E2570D9-1505-4B93-A61F-19C5CD9F6107}.Debug|Any CPU.Build.0 = Debug|Any CPU
		{7E2570D9-1505-4B93-A61F-19C5CD9F6107}.Release|Any CPU.ActiveCfg = Release|Any CPU
		{7E2570D9-1505-4B93-A61F-19C5CD9F6107}.Release|Any CPU.Build.0 = Release|Any CPU
		{E92184BA-3DAA-45C7-B367-B78FDC2AAF67}.Debug|Any CPU.ActiveCfg = Debug|Any CPU
		{E92184BA-3DAA-45C7-B367-B78FDC2AAF67}.Debug|Any CPU.Build.0 = Debug|Any CPU
		{E92184BA-3DAA-45C7-B367-B78FDC2AAF67}.Release|Any CPU.ActiveCfg = Release|Any CPU
		{E92184BA-3DAA-45C7-B367-B78FDC2AAF67}.Release|Any CPU.Build.0 = Release|Any CPU
		{470FA8D7-1603-43CF-A43B-D931AF534071}.Debug|Any CPU.ActiveCfg = Debug|Any CPU
		{470FA8D7-1603-43CF-A43B-D931AF534071}.Debug|Any CPU.Build.0 = Debug|Any CPU
		{470FA8D7-1603-43CF-A43B-D931AF534071}.Release|Any CPU.ActiveCfg = Release|Any CPU
		{470FA8D7-1603-43CF-A43B-D931AF534071}.Release|Any CPU.Build.0 = Release|Any CPU
		{53A9BC5B-BD10-47D2-B8C4-DA603353B0EC}.Debug|Any CPU.ActiveCfg = Debug|Any CPU
		{53A9BC5B-BD10-47D2-B8C4-DA603353B0EC}.Debug|Any CPU.Build.0 = Debug|Any CPU
		{53A9BC5B-BD10-47D2-B8C4-DA603353B0EC}.Release|Any CPU.ActiveCfg = Release|Any CPU
		{53A9BC5B-BD10-47D2-B8C4-DA603353B0EC}.Release|Any CPU.Build.0 = Release|Any CPU
		{641414E0-1931-4383-A141-22731E35E439}.Debug|Any CPU.ActiveCfg = Debug|Any CPU
		{641414E0-1931-4383-A141-22731E35E439}.Debug|Any CPU.Build.0 = Debug|Any CPU
		{641414E0-1931-4383-A141-22731E35E439}.Release|Any CPU.ActiveCfg = Release|Any CPU
		{641414E0-1931-4383-A141-22731E35E439}.Release|Any CPU.Build.0 = Release|Any CPU
		{C2524989-BC8E-443B-9C17-C91CAB20F6E4}.Debug|Any CPU.ActiveCfg = Debug|Any CPU
		{C2524989-BC8E-443B-9C17-C91CAB20F6E4}.Debug|Any CPU.Build.0 = Debug|Any CPU
		{C2524989-BC8E-443B-9C17-C91CAB20F6E4}.Release|Any CPU.ActiveCfg = Release|Any CPU
		{C2524989-BC8E-443B-9C17-C91CAB20F6E4}.Release|Any CPU.Build.0 = Release|Any CPU
		{456AF1F6-2CE8-46AA-B638-AEF1CD438796}.Debug|Any CPU.ActiveCfg = Debug|Any CPU
		{456AF1F6-2CE8-46AA-B638-AEF1CD438796}.Debug|Any CPU.Build.0 = Debug|Any CPU
		{456AF1F6-2CE8-46AA-B638-AEF1CD438796}.Release|Any CPU.ActiveCfg = Release|Any CPU
		{456AF1F6-2CE8-46AA-B638-AEF1CD438796}.Release|Any CPU.Build.0 = Release|Any CPU
		{8AE6D8F6-A0EF-4064-B9A1-78307264ABFF}.Debug|Any CPU.ActiveCfg = Debug|Any CPU
		{8AE6D8F6-A0EF-4064-B9A1-78307264ABFF}.Debug|Any CPU.Build.0 = Debug|Any CPU
		{8AE6D8F6-A0EF-4064-B9A1-78307264ABFF}.Release|Any CPU.ActiveCfg = Release|Any CPU
		{8AE6D8F6-A0EF-4064-B9A1-78307264ABFF}.Release|Any CPU.Build.0 = Release|Any CPU
	EndGlobalSection
	GlobalSection(SolutionProperties) = preSolution
		HideSolutionNode = FALSE
	EndGlobalSection
	GlobalSection(NestedProjects) = preSolution
		{70C101EF-ED35-4252-B310-842F04977EAC} = {A9971139-3A50-4F86-8000-06682EAC36DD}
		{2CCD4840-D16D-4F25-86D2-B65E142C249E} = {A9971139-3A50-4F86-8000-06682EAC36DD}
		{89E39355-BB8D-4680-9CF2-02C33F003B5B} = {A9971139-3A50-4F86-8000-06682EAC36DD}
		{CB6C36FC-1C93-46D4-9FF2-5A73419F8504} = {CCCD0488-175B-41F0-9209-75C8B2047325}
		{41847F44-3C4A-475D-8931-9F71EADE22F2} = {CCCD0488-175B-41F0-9209-75C8B2047325}
		{4EEF30F3-8E70-4666-8A39-B188EA40739D} = {CCCD0488-175B-41F0-9209-75C8B2047325}
		{45613169-D211-4101-8F5A-E200006D901D} = {DC51BBD8-B9C8-4A13-B479-F7BB1657E71B}
		{89CB009D-2729-4B94-B9C3-AEE3737B0083} = {DC51BBD8-B9C8-4A13-B479-F7BB1657E71B}
		{A9C30284-B0F2-4683-8F6B-6177159413B7} = {DC51BBD8-B9C8-4A13-B479-F7BB1657E71B}
		{FB63062A-93ED-452B-9985-1B6B10C94637} = {68142941-0BB5-4840-85F9-9F1289EC199B}
		{7E2570D9-1505-4B93-A61F-19C5CD9F6107} = {68142941-0BB5-4840-85F9-9F1289EC199B}
		{E92184BA-3DAA-45C7-B367-B78FDC2AAF67} = {68142941-0BB5-4840-85F9-9F1289EC199B}
		{470FA8D7-1603-43CF-A43B-D931AF534071} = {54B2E485-065F-402E-BFF0-E99AFC045D2D}
		{53A9BC5B-BD10-47D2-B8C4-DA603353B0EC} = {54B2E485-065F-402E-BFF0-E99AFC045D2D}
		{641414E0-1931-4383-A141-22731E35E439} = {54B2E485-065F-402E-BFF0-E99AFC045D2D}
		{C2524989-BC8E-443B-9C17-C91CAB20F6E4} = {5329EF20-BED2-4F4C-9F21-9262050B22EF}
		{456AF1F6-2CE8-46AA-B638-AEF1CD438796} = {5329EF20-BED2-4F4C-9F21-9262050B22EF}
		{8AE6D8F6-A0EF-4064-B9A1-78307264ABFF} = {5329EF20-BED2-4F4C-9F21-9262050B22EF}
	EndGlobalSection
	GlobalSection(ExtensibilityGlobals) = postSolution
		SolutionGuid = {CED19763-FFFB-4B9D-AA41-465D9CB90BE3}
	EndGlobalSection
EndGlobal
